<?xml version="1.0" encoding="UTF-8" standalone="yes" ?>
<CodeBlocks_project_file>
	<FileVersion major="1" minor="6" />
	<Project>
		<Option title="RedSex" />
		<Option pch_mode="2" />
		<Option compiler="mingw_64-bit_compiler" />
		<Build>
			<Target title="Debug Win32">
				<Option output="RedSex32" prefix_auto="1" extension_auto="1" />
				<Option object_output="Debug Win32" />
				<Option type="1" />
				<Option compiler="mingw_64-bit_compiler" />
				<Compiler>
					<Add option="-Wextra" />
					<Add option="-g" />
					<Add option="-W" />
					<Add option="-O0" />
					<Add option="-m96bit-long-double" />
					<Add option="-D_DEBUG" />
					<Add option="-D_CONSOLE" />
				</Compiler>
				<Linker>
					<Add option="-static-libgcc" />
					<Add option="-static" />
				</Linker>
			</Target>
			<Target title="Release Win32">
				<Option output="RedSex32" prefix_auto="1" extension_auto="1" />
				<Option object_output="Release Win32" />
				<Option type="1" />
				<Option compiler="mingw_64-bit_compiler" />
				<Compiler>
					<Add option="-O2" />
					<Add option="-W" />
					<Add option="-m96bit-long-double" />
					<Add option="-DNDEBUG" />
					<Add option="-D_CONSOLE" />
				</Compiler>
				<Linker>
					<Add option="-static-libgcc" />
					<Add option="-static" />
				</Linker>
			</Target>
			<Target title="Debug Win64">
				<Option output="RedSex64" prefix_auto="1" extension_auto="1" />
				<Option object_output="Debug Win64" />
				<Option type="1" />
				<Option compiler="mingw_64-bit_compiler" />
				<Compiler>
					<Add option="-Wextra" />
					<Add option="-g" />
					<Add option="-W" />
					<Add option="-O0" />
					<Add option="-m64" />
					<Add option="-m96bit-long-double" />
					<Add option="-D_DEBUG" />
					<Add option="-D_CONSOLE" />
				</Compiler>
				<Linker>
					<Add option="-static-libgcc" />
					<Add option="-static" />
				</Linker>
			</Target>
			<Target title="Release Win64">
				<Option output="RedSex64" prefix_auto="1" extension_auto="1" />
				<Option object_output="Release Win64" />
				<Option type="1" />
				<Option compiler="mingw_64-bit_compiler" />
				<Option parameters="master.pro sol001.sol" />
				<Option projectCompilerOptionsRelation="0" />
				<Option projectLinkerOptionsRelation="0" />
				<Option projectLibDirsRelation="-1" />
				<MakeCommands>
					<Build command="" />
					<CompileFile command="" />
					<Clean command="" />
					<DistClean command="" />
					<AskRebuildNeeded command="" />
					<SilentBuild command=" &gt; $(CMD_NULL)" />
				</MakeCommands>
			</Target>
		</Build>
		<Compiler>
			<Add option="-mpc80" />
			<Add option="-m96bit-long-double" />
			<Add option="-D__WIN32__" />
			<Add option="-D__USE_ANSI_CPP__" />
			<Add option="-DWIN32" />
		</Compiler>
		<Linker>
			<Add option="-static-libgcc" />
			<Add option="-static" />
		</Linker>
		<Unit filename="../Biblioteca/DiskIO.cpp" />
		<Unit filename="../Biblioteca/DiskIO.h" />
		<Unit filename="../Biblioteca/Random/md5.cpp" />
		<Unit filename="../Biblioteca/Random/ran088.cpp" />
		<Unit filename="../Biblioteca/Random/ranclass.cpp" />
		<Unit filename="../Biblioteca/Reloj.cpp" />
		<Unit filename="../Biblioteca/Reloj.h" />
		<Unit filename="../Biblioteca/Utiles.cpp" />
		<Unit filename="../Biblioteca/Utiles.h" />
		<Unit filename="../Biblioteca/aleatorio.cpp" />
		<Unit filename="../Biblioteca/aleatorio.h" />
		<Unit filename="../Biblioteca/definiciones.h" />
		<Unit filename="../Biblioteca/grafo.h" />
		<Unit filename="../Biblioteca/md5.h" />
		<Unit filename="../Biblioteca/poisson.h" />
		<Unit filename="Persona.cpp" />
		<Unit filename="Persona.h" />
		<Unit filename="Problema.cpp" />
		<Unit filename="Problema.h" />
		<Unit filename="ReadMe.txt" />
		<Unit filename="RedSex.cpp" />
		<Unit filename="stdafx.cpp" />
		<Unit filename="stdafx.h" />
		<Unit filename="targetver.h" />
		<Extensions>
			<code_completion />
			<debugger />
			<envvars />
			<editor_config active="1" use_tabs="0" tab_indents="1" tab_width="4" indent="4" eol_mode="0" />
		</Extensions>
	</Project>
</CodeBlocks_project_file>
